
Microsoft Visual Studio Solution File, Format Version 12.00
# Visual Studio Version 16
VisualStudioVersion = 16.0.29709.97
MinimumVisualStudioVersion = 10.0.40219.1
Project("{FAE04EC0-301F-11D3-BF4B-00C04F79EFBC}") = "FluentDesignTemplate", "FluentDesignTemplate\FluentDesignTemplate.csproj", "{8BCBF199-84BE-44F9-B077-66D966EBE269}"
EndProject
Global
	GlobalSection(SolutionConfigurationPlatforms) = preSolution
		Debug|Any CPU = Debug|Any CPU
		Release|Any CPU = Release|Any CPU
	EndGlobalSection
	GlobalSection(ProjectConfigurationPlatforms) = postSolution
		{8BCBF199-84BE-44F9-B077-66D966EBE269}.Debug|Any CPU.ActiveCfg = Debug|Any CPU
		{8BCBF199-84BE-44F9-B077-66D966EBE269}.Debug|Any CPU.Build.0 = Debug|Any CPU
		{8BCBF199-84BE-44F9-B077-66D966EBE269}.Release|Any CPU.ActiveCfg = Release|Any CPU
		{8BCBF199-84BE-44F9-B077-66D966EBE269}.Release|Any CPU.Build.0 = Release|Any CPU
	EndGlobalSection
	GlobalSection(SolutionProperties) = preSolution
		HideSolutionNode = FALSE
	EndGlobalSection
	GlobalSection(ExtensibilityGlobals) = postSolution
		SolutionGuid = {03F9B04A-23DA-4B25-A089-8CADB7528685}
	EndGlobalSection
EndGlobal
